<?xml version="1.0" encoding="utf-8"?>
<Project ToolsVersion="4.0" xmlns="http://schemas.microsoft.com/developer/msbuild/2003">
  <ItemGroup>
    <Filter Include="Source Files">
      <UniqueIdentifier>{4FC737F1-C7A5-4376-A066-2A32D752A2FF}</UniqueIdentifier>
      <Extensions>cpp;c;cc;cxx;def;odl;idl;hpj;bat;asm;asmx</Extensions>
    </Filter>
    <Filter Include="Header Files">
      <UniqueIdentifier>{93995380-89BD-4b04-88EB-625FBE52EBFB}</UniqueIdentifier>
      <Extensions>h;hh;hpp;hxx;hm;inl;inc;ipp;xsd</Extensions>
    </Filter>
    <Filter Include="Resource Files">
      <UniqueIdentifier>{67DA6AB6-F800-4c08-8B7A-83BB121AAD01}</UniqueIdentifier>
      <Extensions>rc;ico;cur;bmp;dlg;rc2;rct;bin;rgs;gif;jpg;jpeg;jpe;resx;tiff;tif;png;wav;mfcribbon-ms</Extensions>
    </Filter>
  </ItemGroup>
  <ItemGroup>
    <ClCompile Include="src\acs.c">
      <Filter>Source Files</Filter>
    </ClCompile>
    <ClCompile Include="src\anim.c">
      <Filter>Source Files</Filter>
    </ClCompile>
    <ClCompile Include="src\anim_man.c">
      <Filter>Source Files</Filter>
    </ClCompile>
    <ClCompile Include="src\astar.c">
      <Filter>Source Files</Filter>
    </ClCompile>
    <ClCompile Include="src\commander.c">
      <Filter>Source Files</Filter>
    </ClCompile>
    <ClCompile Include="src\context.c">
      <Filter>Source Files</Filter>
    </ClCompile>
    <ClCompile Include="src\dude.c">
      <Filter>Source Files</Filter>
    </ClCompile>
    <ClCompile Include="src\globals.c">
      <Filter>Source Files</Filter>
    </ClCompile>
    <ClCompile Include="src\key_man.c">
      <Filter>Source Files</Filter>
    </ClCompile>
    <ClCompile Include="src\key_object.c">
      <Filter>Source Files</Filter>
    </ClCompile>
    <ClCompile Include="src\music_man.c">
      <Filter>Source Files</Filter>
    </ClCompile>
    <ClCompile Include="src\scene.c">
      <Filter>Source Files</Filter>
    </ClCompile>
    <ClCompile Include="src\scene_man.c">
      <Filter>Source Files</Filter>
    </ClCompile>
    <ClCompile Include="src\scene_object.c">
      <Filter>Source Files</Filter>
    </ClCompile>
    <ClCompile Include="src\ship.c">
      <Filter>Source Files</Filter>
    </ClCompile>
    <ClCompile Include="src\ship_man.c">
      <Filter>Source Files</Filter>
    </ClCompile>
    <ClCompile Include="src\ship_tile.c">
      <Filter>Source Files</Filter>
    </ClCompile>
    <ClCompile Include="src\texture_man.c">
      <Filter>Source Files</Filter>
    </ClCompile>
    <ClCompile Include="src\util.c">
      <Filter>Source Files</Filter>
    </ClCompile>
    <ClCompile Include="tools\lands.c">
      <Filter>Source Files</Filter>
    </ClCompile>
  </ItemGroup>
  <ItemGroup>
    <ClInclude Include="src\acs.h">
      <Filter>Source Files</Filter>
    </ClInclude>
    <ClInclude Include="src\anim.h">
      <Filter>Source Files</Filter>
    </ClInclude>
    <ClInclude Include="src\anim_man.h">
      <Filter>Source Files</Filter>
    </ClInclude>
    <ClInclude Include="src\astar.h">
      <Filter>Source Files</Filter>
    </ClInclude>
    <ClInclude Include="src\commander.h">
      <Filter>Source Files</Filter>
    </ClInclude>
    <ClInclude Include="src\context.h">
      <Filter>Source Files</Filter>
    </ClInclude>
    <ClInclude Include="src\dude.h">
      <Filter>Source Files</Filter>
    </ClInclude>
    <ClInclude Include="src\entity.h">
      <Filter>Source Files</Filter>
    </ClInclude>
    <ClInclude Include="src\globals.h">
      <Filter>Source Files</Filter>
    </ClInclude>
    <ClInclude Include="src\key_man.h">
      <Filter>Source Files</Filter>
    </ClInclude>
    <ClInclude Include="src\key_object.h">
      <Filter>Source Files</Filter>
    </ClInclude>
    <ClInclude Include="src\music_man.h">
      <Filter>Source Files</Filter>
    </ClInclude>
    <ClInclude Include="src\outlands.h">
      <Filter>Source Files</Filter>
    </ClInclude>
    <ClInclude Include="src\scene.h">
      <Filter>Source Files</Filter>
    </ClInclude>
    <ClInclude Include="src\scene_man.h">
      <Filter>Source Files</Filter>
    </ClInclude>
    <ClInclude Include="src\scene_object.h">
      <Filter>Source Files</Filter>
    </ClInclude>
    <ClInclude Include="src\ship.h">
      <Filter>Source Files</Filter>
    </ClInclude>
    <ClInclude Include="src\ship_man.h">
      <Filter>Source Files</Filter>
    </ClInclude>
    <ClInclude Include="src\ship_tile.h">
      <Filter>Source Files</Filter>
    </ClInclude>
    <ClInclude Include="src\texture_man.h">
      <Filter>Source Files</Filter>
    </ClInclude>
    <ClInclude Include="src\util.h">
      <Filter>Source Files</Filter>
    </ClInclude>
  </ItemGroup>
</Project>